
Microsoft Visual Studio Solution File, Format Version 12.00
# Visual Studio 15
VisualStudioVersion = 15.0.27703.2042
MinimumVisualStudioVersion = 10.0.40219.1
Project("{FAE04EC0-301F-11D3-BF4B-00C04F79EFBC}") = "GTA_Random_Scripts", "GTA_Random_Scripts\GTA_Random_Scripts.csproj", "{646B63A1-D4A2-42D0-B1E0-8FF6FD364B13}"
EndProject
Global
	GlobalSection(SolutionConfigurationPlatforms) = preSolution
		Debug|Any CPU = Debug|Any CPU
		Release|Any CPU = Release|Any CPU
	EndGlobalSection
	GlobalSection(ProjectConfigurationPlatforms) = postSolution
		{646B63A1-D4A2-42D0-B1E0-8FF6FD364B13}.Debug|Any CPU.ActiveCfg = Debug|Any CPU
		{646B63A1-D4A2-42D0-B1E0-8FF6FD364B13}.Debug|Any CPU.Build.0 = Debug|Any CPU
		{646B63A1-D4A2-42D0-B1E0-8FF6FD364B13}.Release|Any CPU.ActiveCfg = Release|Any CPU
		{646B63A1-D4A2-42D0-B1E0-8FF6FD364B13}.Release|Any CPU.Build.0 = Release|Any CPU
	EndGlobalSection
	GlobalSection(SolutionProperties) = preSolution
		HideSolutionNode = FALSE
	EndGlobalSection
	GlobalSection(ExtensibilityGlobals) = postSolution
		SolutionGuid = {2E6D19F1-46A1-45C9-9F06-D95B1E139243}
	EndGlobalSection
EndGlobal
